
Microsoft Visual Studio Solution File, Format Version 12.00
# Visual Studio 15
VisualStudioVersion = 15.0.26430.14
MinimumVisualStudioVersion = 10.0.40219.1
Project("{FAE04EC0-301F-11D3-BF4B-00C04F79EFBC}") = "WebService", "WebService\WebService.csproj", "{21D2E884-A1CA-4FB2-93BC-68830F684588}"
EndProject
Project("{FAE04EC0-301F-11D3-BF4B-00C04F79EFBC}") = "BL", "BL\BL.csproj", "{E69C1B80-2B11-4A83-A244-E913A9ABAE01}"
EndProject
Project("{FAE04EC0-301F-11D3-BF4B-00C04F79EFBC}") = "DAL", "DAL\DAL.csproj", "{DEE55D1C-1CCE-41CC-AA23-EF727323FB97}"
EndProject
Project("{FAE04EC0-301F-11D3-BF4B-00C04F79EFBC}") = "DTO", "DTO\DTO.csproj", "{C6206773-F21E-43E6-9E95-5ED767B63FDF}"
EndProject
Global
	GlobalSection(SolutionConfigurationPlatforms) = preSolution
		Debug|Any CPU = Debug|Any CPU
		Release|Any CPU = Release|Any CPU
	EndGlobalSection
	GlobalSection(ProjectConfigurationPlatforms) = postSolution
		{21D2E884-A1CA-4FB2-93BC-68830F684588}.Debug|Any CPU.ActiveCfg = Debug|Any CPU
		{21D2E884-A1CA-4FB2-93BC-68830F684588}.Debug|Any CPU.Build.0 = Debug|Any CPU
		{21D2E884-A1CA-4FB2-93BC-68830F684588}.Release|Any CPU.ActiveCfg = Release|Any CPU
		{21D2E884-A1CA-4FB2-93BC-68830F684588}.Release|Any CPU.Build.0 = Release|Any CPU
		{E69C1B80-2B11-4A83-A244-E913A9ABAE01}.Debug|Any CPU.ActiveCfg = Debug|Any CPU
		{E69C1B80-2B11-4A83-A244-E913A9ABAE01}.Debug|Any CPU.Build.0 = Debug|Any CPU
		{E69C1B80-2B11-4A83-A244-E913A9ABAE01}.Release|Any CPU.ActiveCfg = Release|Any CPU
		{E69C1B80-2B11-4A83-A244-E913A9ABAE01}.Release|Any CPU.Build.0 = Release|Any CPU
		{DEE55D1C-1CCE-41CC-AA23-EF727323FB97}.Debug|Any CPU.ActiveCfg = Debug|Any CPU
		{DEE55D1C-1CCE-41CC-AA23-EF727323FB97}.Debug|Any CPU.Build.0 = Debug|Any CPU
		{DEE55D1C-1CCE-41CC-AA23-EF727323FB97}.Release|Any CPU.ActiveCfg = Release|Any CPU
		{DEE55D1C-1CCE-41CC-AA23-EF727323FB97}.Release|Any CPU.Build.0 = Release|Any CPU
		{C6206773-F21E-43E6-9E95-5ED767B63FDF}.Debug|Any CPU.ActiveCfg = Debug|Any CPU
		{C6206773-F21E-43E6-9E95-5ED767B63FDF}.Debug|Any CPU.Build.0 = Debug|Any CPU
		{C6206773-F21E-43E6-9E95-5ED767B63FDF}.Release|Any CPU.ActiveCfg = Release|Any CPU
		{C6206773-F21E-43E6-9E95-5ED767B63FDF}.Release|Any CPU.Build.0 = Release|Any CPU
	EndGlobalSection
	GlobalSection(SolutionProperties) = preSolution
		HideSolutionNode = FALSE
	EndGlobalSection
EndGlobal
